{
  "version": 4,
  "terraform_version": "1.1.9",
  "serial": 9,
  "lineage": "02c60c97-6ea2-9d1e-937c-0078b725fed8",
  "outputs": {},
  "resources": [
    {
      "module": "module.key_vault",
      "mode": "managed",
      "type": "azurerm_key_vault",
      "name": "key_vault",
      "provider": "module.key_vault.provider[\"registry.terraform.io/hashicorp/azurerm\"]",
      "instances": [
        {
          "schema_version": 2,
          "attributes": {
            "access_policy": [
              {
                "application_id": "",
                "certificate_permissions": [
                  "Backup",
                  "Create",
                  "Delete",
                  "DeleteIssuers",
                  "Get",
                  "GetIssuers",
                  "Import",
                  "List",
                  "ListIssuers",
                  "ManageContacts",
                  "ManageIssuers",
                  "Purge",
                  "Recover",
                  "Restore",
                  "SetIssuers",
                  "Update"
                ],
                "key_permissions": [
                  "Backup",
                  "Create",
                  "Decrypt",
                  "Delete",
                  "Encrypt",
                  "Get",
                  "Import",
                  "List",
                  "Purge",
                  "Recover",
                  "Restore",
                  "Sign",
                  "UnwrapKey",
                  "Update",
                  "Verify",
                  "WrapKey"
                ],
                "object_id": "70750f6c-2741-4206-9da4-48593b2199f5",
                "secret_permissions": [
                  "Get",
                  "List",
                  "Set",
                  "Delete"
                ],
                "storage_permissions": [
                  "Get",
                  "List",
                  "Set",
                  "Delete"
                ],
                "tenant_id": "e8e83af5-506f-4a39-b9c4-aec76de91a96"
              }
            ],
            "contact": [],
            "enable_rbac_authorization": false,
            "enabled_for_deployment": false,
            "enabled_for_disk_encryption": true,
            "enabled_for_template_deployment": true,
            "id": "/subscriptions/88f5201f-8646-4fc6-ad6c-84a511e43b16/resourceGroups/rg-avd-plat-envtest1/providers/Microsoft.KeyVault/vaults/kv-avd-plat-envtest1",
            "location": "eastus2",
            "name": "kv-avd-plat-envtest1",
            "network_acls": [
              {
                "bypass": "AzureServices",
                "default_action": "Allow",
                "ip_rules": [],
                "virtual_network_subnet_ids": []
              }
            ],
            "purge_protection_enabled": true,
            "resource_group_name": "rg-avd-plat-envtest1",
            "sku_name": "standard",
            "soft_delete_enabled": true,
            "soft_delete_retention_days": 7,
            "tags": {
              "env": "envtest1"
            },
            "tenant_id": "e8e83af5-506f-4a39-b9c4-aec76de91a96",
            "timeouts": null,
            "vault_uri": "https://kv-avd-plat-envtest1.vault.azure.net/"
          },
          "sensitive_attributes": [],
          "private": "eyJlMmJmYjczMC1lY2FhLTExZTYtOGY4OC0zNDM2M2JjN2M0YzAiOnsiY3JlYXRlIjoxODAwMDAwMDAwMDAwLCJkZWxldGUiOjE4MDAwMDAwMDAwMDAsInJlYWQiOjMwMDAwMDAwMDAwMCwidXBkYXRlIjoxODAwMDAwMDAwMDAwfSwic2NoZW1hX3ZlcnNpb24iOiIyIn0=",
          "dependencies": [
            "module.platform_resource_group.azurerm_resource_group.resource_group"
          ]
        }
      ]
    },
    {
      "module": "module.platform_resource_group",
      "mode": "managed",
      "type": "azurerm_resource_group",
      "name": "resource_group",
      "provider": "module.platform_resource_group.provider[\"registry.terraform.io/hashicorp/azurerm\"]",
      "instances": [
        {
          "schema_version": 0,
          "attributes": {
            "id": "/subscriptions/88f5201f-8646-4fc6-ad6c-84a511e43b16/resourceGroups/rg-avd-plat-envtest1",
            "location": "eastus2",
            "name": "rg-avd-plat-envtest1",
            "tags": {
              "env": "envtest1"
            },
            "timeouts": null
          },
          "sensitive_attributes": [],
          "private": "eyJlMmJmYjczMC1lY2FhLTExZTYtOGY4OC0zNDM2M2JjN2M0YzAiOnsiY3JlYXRlIjo1NDAwMDAwMDAwMDAwLCJkZWxldGUiOjU0MDAwMDAwMDAwMDAsInJlYWQiOjMwMDAwMDAwMDAwMCwidXBkYXRlIjo1NDAwMDAwMDAwMDAwfX0="
        }
      ]
    },
    {
      "module": "module.storage_account",
      "mode": "data",
      "type": "azurerm_role_definition",
      "name": "storage_role",
      "provider": "module.storage_account.provider[\"registry.terraform.io/hashicorp/azurerm\"]",
      "instances": [
        {
          "schema_version": 0,
          "attributes": {
            "assignable_scopes": [
              "/"
            ],
            "description": "Allows for read, write, and delete access in Azure Storage file shares over SMB",
            "id": "/providers/Microsoft.Authorization/roleDefinitions/0c867c2a-1d8c-454a-a3db-ab2ea1bdc8bb",
            "name": "Storage File Data SMB Share Contributor",
            "permissions": [
              {
                "actions": [],
                "data_actions": [
                  "Microsoft.Storage/storageAccounts/fileServices/fileshares/files/delete",
                  "Microsoft.Storage/storageAccounts/fileServices/fileshares/files/read",
                  "Microsoft.Storage/storageAccounts/fileServices/fileshares/files/write"
                ],
                "not_actions": [],
                "not_data_actions": []
              }
            ],
            "role_definition_id": "/providers/Microsoft.Authorization/roleDefinitions/0c867c2a-1d8c-454a-a3db-ab2ea1bdc8bb",
            "scope": null,
            "timeouts": null,
            "type": "BuiltInRole"
          },
          "sensitive_attributes": []
        }
      ]
    },
    {
      "module": "module.storage_account",
      "mode": "managed",
      "type": "azurerm_role_assignment",
      "name": "azure_files_role",
      "provider": "module.storage_account.provider[\"registry.terraform.io/hashicorp/azurerm\"]",
      "instances": [
        {
          "schema_version": 0,
          "attributes": {
            "condition": "",
            "condition_version": "",
            "delegated_managed_identity_resource_id": "",
            "description": "",
            "id": "/subscriptions/88f5201f-8646-4fc6-ad6c-84a511e43b16/resourceGroups/rg-avd-plat-envtest1/providers/Microsoft.Storage/storageAccounts/avdtestenvtest1parklab/providers/Microsoft.Authorization/roleAssignments/4cc9adec-bf94-2ef3-6dcd-9d6e85303501",
            "name": "4cc9adec-bf94-2ef3-6dcd-9d6e85303501",
            "principal_id": "70750f6c-2741-4206-9da4-48593b2199f5",
            "principal_type": "Group",
            "role_definition_id": "/subscriptions/88f5201f-8646-4fc6-ad6c-84a511e43b16/providers/Microsoft.Authorization/roleDefinitions/0c867c2a-1d8c-454a-a3db-ab2ea1bdc8bb",
            "role_definition_name": "Storage File Data SMB Share Contributor",
            "scope": "/subscriptions/88f5201f-8646-4fc6-ad6c-84a511e43b16/resourceGroups/rg-avd-plat-envtest1/providers/Microsoft.Storage/storageAccounts/avdtestenvtest1parklab",
            "skip_service_principal_aad_check": null,
            "timeouts": null
          },
          "sensitive_attributes": [],
          "private": "eyJlMmJmYjczMC1lY2FhLTExZTYtOGY4OC0zNDM2M2JjN2M0YzAiOnsiY3JlYXRlIjoxODAwMDAwMDAwMDAwLCJkZWxldGUiOjE4MDAwMDAwMDAwMDAsInJlYWQiOjMwMDAwMDAwMDAwMCwidXBkYXRlIjoxODAwMDAwMDAwMDAwfX0=",
          "dependencies": [
            "module.platform_resource_group.azurerm_resource_group.resource_group",
            "module.storage_account.azurerm_storage_account.sa",
            "module.storage_account.data.azurerm_role_definition.storage_role"
          ]
        }
      ]
    },
    {
      "module": "module.storage_account",
      "mode": "managed",
      "type": "azurerm_storage_account",
      "name": "sa",
      "provider": "module.storage_account.provider[\"registry.terraform.io/hashicorp/azurerm\"]",
      "instances": [
        {
          "schema_version": 2,
          "attributes": {
            "access_tier": "Hot",
            "account_kind": "StorageV2",
            "account_replication_type": "LRS",
            "account_tier": "Standard",
            "allow_blob_public_access": false,
            "azure_files_authentication": [],
            "blob_properties": [
              {
                "change_feed_enabled": false,
                "container_delete_retention_policy": [],
                "cors_rule": [],
                "default_service_version": "",
                "delete_retention_policy": [],
                "last_access_time_enabled": false,
                "versioning_enabled": false
              }
            ],
            "custom_domain": [],
            "customer_managed_key": [],
            "enable_https_traffic_only": true,
            "id": "/subscriptions/88f5201f-8646-4fc6-ad6c-84a511e43b16/resourceGroups/rg-avd-plat-envtest1/providers/Microsoft.Storage/storageAccounts/avdtestenvtest1parklab",
            "identity": [],
            "infrastructure_encryption_enabled": true,
            "is_hns_enabled": false,
            "large_file_share_enabled": null,
            "location": "eastus2",
            "min_tls_version": "TLS1_0",
            "name": "avdtestenvtest1parklab",
            "network_rules": [
              {
                "bypass": [
                  "AzureServices"
                ],
                "default_action": "Allow",
                "ip_rules": [],
                "private_link_access": [],
                "virtual_network_subnet_ids": []
              }
            ],
            "nfsv3_enabled": false,
            "primary_access_key": "TLgVPnM2PqI81AM8pZJhKjTqDsqr9ADMSZEQgalT32WxNqNTc4y55jIyk8c0i2wsy4yuVuAsZRTC+ASt6yX9qw==",
            "primary_blob_connection_string": "DefaultEndpointsProtocol=https;BlobEndpoint=https://avdtestenvtest1parklab.blob.core.windows.net/;AccountName=avdtestenvtest1parklab;AccountKey=TLgVPnM2PqI81AM8pZJhKjTqDsqr9ADMSZEQgalT32WxNqNTc4y55jIyk8c0i2wsy4yuVuAsZRTC+ASt6yX9qw==",
            "primary_blob_endpoint": "https://avdtestenvtest1parklab.blob.core.windows.net/",
            "primary_blob_host": "avdtestenvtest1parklab.blob.core.windows.net",
            "primary_connection_string": "DefaultEndpointsProtocol=https;AccountName=avdtestenvtest1parklab;AccountKey=TLgVPnM2PqI81AM8pZJhKjTqDsqr9ADMSZEQgalT32WxNqNTc4y55jIyk8c0i2wsy4yuVuAsZRTC+ASt6yX9qw==;EndpointSuffix=core.windows.net",
            "primary_dfs_endpoint": "https://avdtestenvtest1parklab.dfs.core.windows.net/",
            "primary_dfs_host": "avdtestenvtest1parklab.dfs.core.windows.net",
            "primary_file_endpoint": "https://avdtestenvtest1parklab.file.core.windows.net/",
            "primary_file_host": "avdtestenvtest1parklab.file.core.windows.net",
            "primary_location": "eastus2",
            "primary_queue_endpoint": "https://avdtestenvtest1parklab.queue.core.windows.net/",
            "primary_queue_host": "avdtestenvtest1parklab.queue.core.windows.net",
            "primary_table_endpoint": "https://avdtestenvtest1parklab.table.core.windows.net/",
            "primary_table_host": "avdtestenvtest1parklab.table.core.windows.net",
            "primary_web_endpoint": "https://avdtestenvtest1parklab.z20.web.core.windows.net/",
            "primary_web_host": "avdtestenvtest1parklab.z20.web.core.windows.net",
            "queue_encryption_key_type": "Service",
            "queue_properties": [
              {
                "cors_rule": [],
                "hour_metrics": [
                  {
                    "enabled": true,
                    "include_apis": true,
                    "retention_policy_days": 7,
                    "version": "1.0"
                  }
                ],
                "logging": [
                  {
                    "delete": false,
                    "read": false,
                    "retention_policy_days": 0,
                    "version": "1.0",
                    "write": false
                  }
                ],
                "minute_metrics": [
                  {
                    "enabled": false,
                    "include_apis": false,
                    "retention_policy_days": 0,
                    "version": "1.0"
                  }
                ]
              }
            ],
            "resource_group_name": "rg-avd-plat-envtest1",
            "routing": [],
            "secondary_access_key": "HPiSDnlZiKm/vnaJ+RdlQi1ZyzHa7y9eoAK49uWDo11h6ZMvSMI5RL146NugYTkSfjDDr6Q0yImB+AStIbV04A==",
            "secondary_blob_connection_string": "",
            "secondary_blob_endpoint": null,
            "secondary_blob_host": null,
            "secondary_connection_string": "DefaultEndpointsProtocol=https;AccountName=avdtestenvtest1parklab;AccountKey=HPiSDnlZiKm/vnaJ+RdlQi1ZyzHa7y9eoAK49uWDo11h6ZMvSMI5RL146NugYTkSfjDDr6Q0yImB+AStIbV04A==;EndpointSuffix=core.windows.net",
            "secondary_dfs_endpoint": null,
            "secondary_dfs_host": null,
            "secondary_file_endpoint": null,
            "secondary_file_host": null,
            "secondary_location": "",
            "secondary_queue_endpoint": null,
            "secondary_queue_host": null,
            "secondary_table_endpoint": null,
            "secondary_table_host": null,
            "secondary_web_endpoint": null,
            "secondary_web_host": null,
            "share_properties": [
              {
                "cors_rule": [],
                "retention_policy": [
                  {
                    "days": 7
                  }
                ],
                "smb": []
              }
            ],
            "shared_access_key_enabled": true,
            "static_website": [],
            "table_encryption_key_type": "Service",
            "tags": {
              "env": "envtest1"
            },
            "timeouts": null
          },
          "sensitive_attributes": [],
          "private": "eyJlMmJmYjczMC1lY2FhLTExZTYtOGY4OC0zNDM2M2JjN2M0YzAiOnsiY3JlYXRlIjozNjAwMDAwMDAwMDAwLCJkZWxldGUiOjM2MDAwMDAwMDAwMDAsInJlYWQiOjMwMDAwMDAwMDAwMCwidXBkYXRlIjozNjAwMDAwMDAwMDAwfSwic2NoZW1hX3ZlcnNpb24iOiIyIn0=",
          "dependencies": [
            "module.platform_resource_group.azurerm_resource_group.resource_group"
          ]
        }
      ]
    },
    {
      "module": "module.storage_account",
      "mode": "managed",
      "type": "azurerm_storage_share",
      "name": "fslogix_share",
      "provider": "module.storage_account.provider[\"registry.terraform.io/hashicorp/azurerm\"]",
      "instances": [
        {
          "schema_version": 2,
          "attributes": {
            "acl": [],
            "enabled_protocol": "SMB",
            "id": "https://avdtestenvtest1parklab.file.core.windows.net/fslogix",
            "metadata": {},
            "name": "fslogix",
            "quota": 5120,
            "resource_manager_id": "/subscriptions/88f5201f-8646-4fc6-ad6c-84a511e43b16/resourceGroups/rg-avd-plat-envtest1/providers/Microsoft.Storage/storageAccounts/avdtestenvtest1parklab/fileServices/default/fileshares/fslogix",
            "storage_account_name": "avdtestenvtest1parklab",
            "timeouts": null,
            "url": "https://avdtestenvtest1parklab.file.core.windows.net/fslogix"
          },
          "sensitive_attributes": [],
          "private": "eyJlMmJmYjczMC1lY2FhLTExZTYtOGY4OC0zNDM2M2JjN2M0YzAiOnsiY3JlYXRlIjoxODAwMDAwMDAwMDAwLCJkZWxldGUiOjE4MDAwMDAwMDAwMDAsInJlYWQiOjMwMDAwMDAwMDAwMCwidXBkYXRlIjoxODAwMDAwMDAwMDAwfSwic2NoZW1hX3ZlcnNpb24iOiIyIn0=",
          "dependencies": [
            "module.platform_resource_group.azurerm_resource_group.resource_group",
            "module.storage_account.azurerm_storage_account.sa"
          ]
        }
      ]
    }
  ]
}
