{
  "version": 4,
  "terraform_version": "1.1.9",
  "serial": 365,
  "lineage": "bf1b7fd2-055a-472a-f659-6433d7cf3acd",
  "outputs": {},
  "resources": [
    {
      "module": "module.avd_resource_group",
      "mode": "managed",
      "type": "azurerm_resource_group",
      "name": "resource_group",
      "provider": "provider[\"registry.terraform.io/hashicorp/azurerm\"]",
      "instances": [
        {
          "schema_version": 0,
          "attributes": {
            "id": "/subscriptions/88f5201f-8646-4fc6-ad6c-84a511e43b16/resourceGroups/rg-avd-envtest1",
            "location": "eastus2",
            "name": "rg-avd-envtest1",
            "tags": {
              "env": "envtest1"
            },
            "timeouts": null
          },
          "sensitive_attributes": [],
          "private": "eyJlMmJmYjczMC1lY2FhLTExZTYtOGY4OC0zNDM2M2JjN2M0YzAiOnsiY3JlYXRlIjo1NDAwMDAwMDAwMDAwLCJkZWxldGUiOjU0MDAwMDAwMDAwMDAsInJlYWQiOjMwMDAwMDAwMDAwMCwidXBkYXRlIjo1NDAwMDAwMDAwMDAwfX0="
        }
      ]
    },
    {
      "module": "module.avd_resources",
      "mode": "managed",
      "type": "azurerm_virtual_desktop_application_group",
      "name": "desktop_app_group",
      "provider": "provider[\"registry.terraform.io/hashicorp/azurerm\"]",
      "instances": [
        {
          "schema_version": 1,
          "attributes": {
            "default_desktop_display_name": "",
            "description": "Desktop Application Group",
            "friendly_name": "ag-avd-envtest1",
            "host_pool_id": "/subscriptions/88f5201f-8646-4fc6-ad6c-84a511e43b16/resourceGroups/rg-avd-envtest1/providers/Microsoft.DesktopVirtualization/hostPools/hp-avd-envtest1",
            "id": "/subscriptions/88f5201f-8646-4fc6-ad6c-84a511e43b16/resourceGroups/rg-avd-envtest1/providers/Microsoft.DesktopVirtualization/applicationGroups/ag-avd-envtest1",
            "location": "eastus2",
            "name": "ag-avd-envtest1",
            "resource_group_name": "rg-avd-envtest1",
            "tags": null,
            "timeouts": null,
            "type": "Desktop"
          },
          "sensitive_attributes": [],
          "private": "eyJlMmJmYjczMC1lY2FhLTExZTYtOGY4OC0zNDM2M2JjN2M0YzAiOnsiY3JlYXRlIjozNjAwMDAwMDAwMDAwLCJkZWxldGUiOjM2MDAwMDAwMDAwMDAsInJlYWQiOjMwMDAwMDAwMDAwMCwidXBkYXRlIjozNjAwMDAwMDAwMDAwfSwic2NoZW1hX3ZlcnNpb24iOiIxIn0=",
          "dependencies": [
            "module.avd_resource_group.azurerm_resource_group.resource_group",
            "module.avd_resources.azurerm_virtual_desktop_host_pool.avd_hp"
          ]
        }
      ]
    },
    {
      "module": "module.avd_resources",
      "mode": "managed",
      "type": "azurerm_virtual_desktop_host_pool",
      "name": "avd_hp",
      "provider": "provider[\"registry.terraform.io/hashicorp/azurerm\"]",
      "instances": [
        {
          "schema_version": 1,
          "attributes": {
            "custom_rdp_properties": "audiocapturemode:i:1;camerastoredirect:s:*;use multimon:i:0;",
            "description": "",
            "friendly_name": "",
            "id": "/subscriptions/88f5201f-8646-4fc6-ad6c-84a511e43b16/resourceGroups/rg-avd-envtest1/providers/Microsoft.DesktopVirtualization/hostPools/hp-avd-envtest1",
            "load_balancer_type": "DepthFirst",
            "location": "eastus2",
            "maximum_sessions_allowed": 20,
            "name": "hp-avd-envtest1",
            "personal_desktop_assignment_type": "",
            "preferred_app_group_type": "Desktop",
            "resource_group_name": "rg-avd-envtest1",
            "scheduled_agent_updates": [],
            "start_vm_on_connect": false,
            "tags": null,
            "timeouts": null,
            "type": "Pooled",
            "validate_environment": false
          },
          "sensitive_attributes": [],
          "private": "eyJlMmJmYjczMC1lY2FhLTExZTYtOGY4OC0zNDM2M2JjN2M0YzAiOnsiY3JlYXRlIjozNjAwMDAwMDAwMDAwLCJkZWxldGUiOjM2MDAwMDAwMDAwMDAsInJlYWQiOjMwMDAwMDAwMDAwMCwidXBkYXRlIjozNjAwMDAwMDAwMDAwfSwic2NoZW1hX3ZlcnNpb24iOiIxIn0=",
          "dependencies": [
            "module.avd_resource_group.azurerm_resource_group.resource_group"
          ]
        }
      ]
    },
    {
      "module": "module.avd_resources",
      "mode": "managed",
      "type": "azurerm_virtual_desktop_host_pool_registration_info",
      "name": "reg_token",
      "provider": "provider[\"registry.terraform.io/hashicorp/azurerm\"]",
      "instances": [
        {
          "schema_version": 0,
          "attributes": {
            "expiration_date": "2023-03-03T21:32:00Z",
            "hostpool_id": "/subscriptions/88f5201f-8646-4fc6-ad6c-84a511e43b16/resourceGroups/rg-avd-envtest1/providers/Microsoft.DesktopVirtualization/hostPools/hp-avd-envtest1",
            "id": "/subscriptions/88f5201f-8646-4fc6-ad6c-84a511e43b16/resourceGroups/rg-avd-envtest1/providers/Microsoft.DesktopVirtualization/hostPools/hp-avd-envtest1/registrationInfo/default",
            "timeouts": null,
            "token": "eyJhbGciOiJSUzI1NiIsImtpZCI6IkFGNTRGNjhEQUE2OTdGNjdDMEQwOTE0MkU3QkVEMjc3QTI3NTZCQTciLCJ0eXAiOiJKV1QifQ.eyJSZWdpc3RyYXRpb25JZCI6ImRjZmQxMjQzLTRkZDgtNGYyMi1iOTY1LTY2ZDZmYmM1OTdkOSIsIkJyb2tlclVyaSI6Imh0dHBzOi8vcmRicm9rZXItZy11cy1yMC53dmQubWljcm9zb2Z0LmNvbS8iLCJEaWFnbm9zdGljc1VyaSI6Imh0dHBzOi8vcmRkaWFnbm9zdGljcy1nLXVzLXIwLnd2ZC5taWNyb3NvZnQuY29tLyIsIkVuZHBvaW50UG9vbElkIjoiMTBmZjZlZWItM2VmOC00NjFlLThkYTctYzdlYWQyZDczZjMyIiwiR2xvYmFsQnJva2VyVXJpIjoiaHR0cHM6Ly9yZGJyb2tlci53dmQubWljcm9zb2Z0LmNvbS8iLCJHZW9ncmFwaHkiOiJVUyIsIkdsb2JhbEJyb2tlclJlc291cmNlSWRVcmkiOiJodHRwczovLzEwZmY2ZWViLTNlZjgtNDYxZS04ZGE3LWM3ZWFkMmQ3M2YzMi5yZGJyb2tlci53dmQubWljcm9zb2Z0LmNvbS8iLCJCcm9rZXJSZXNvdXJjZUlkVXJpIjoiaHR0cHM6Ly8xMGZmNmVlYi0zZWY4LTQ2MWUtOGRhNy1jN2VhZDJkNzNmMzIucmRicm9rZXItZy11cy1yMC53dmQubWljcm9zb2Z0LmNvbS8iLCJEaWFnbm9zdGljc1Jlc291cmNlSWRVcmkiOiJodHRwczovLzEwZmY2ZWViLTNlZjgtNDYxZS04ZGE3LWM3ZWFkMmQ3M2YzMi5yZGRpYWdub3N0aWNzLWctdXMtcjAud3ZkLm1pY3Jvc29mdC5jb20vIiwiQUFEVGVuYW50SWQiOiJlOGU4M2FmNS01MDZmLTRhMzktYjljNC1hZWM3NmRlOTFhOTYiLCJuYmYiOjE2Nzc4NzE5MjEsImV4cCI6MTY3Nzg3OTEyMCwiaXNzIjoiUkRJbmZyYVRva2VuTWFuYWdlciIsImF1ZCI6IlJEbWkifQ.n_VvMTI5AAm1ZRB41C9n1mpg7s5U8XGtNLehCn3Li2LhSsDMbeapQlCqlD2Xlj1nnVwu1x8zJkywwFn1XI8d4rY1AECS5R-QKaxi2HC-1KtDsb2y5Har54rHc9D3LLipfey7UQnXsF-C6VFog3d6Yt_j6wYTuqvODwpftJhjR6r8a-OjxjZT4O-BXpEqLUZwkcF9qvqZE64-u79bzOnA1zqM9GZIdTcXXj_Lvpaojh_osNdIAf9At0wPHfg1s4UX1r3uWhZlEZxbzDiSyOfTWmF6UJjLHpq5XsZ4OR_YD3ZOJYOFQJcS2hZY4OLdNJU0SmTyEI3-8L247lUqy6NmJw"
          },
          "sensitive_attributes": [],
          "private": "eyJlMmJmYjczMC1lY2FhLTExZTYtOGY4OC0zNDM2M2JjN2M0YzAiOnsiY3JlYXRlIjoxODAwMDAwMDAwMDAwLCJkZWxldGUiOjE4MDAwMDAwMDAwMDAsInJlYWQiOjMwMDAwMDAwMDAwMCwidXBkYXRlIjoxODAwMDAwMDAwMDAwfX0=",
          "dependencies": [
            "module.avd_resource_group.azurerm_resource_group.resource_group",
            "module.avd_resources.azurerm_virtual_desktop_host_pool.avd_hp"
          ]
        }
      ]
    },
    {
      "module": "module.avd_resources",
      "mode": "managed",
      "type": "azurerm_virtual_desktop_workspace",
      "name": "workspace",
      "provider": "provider[\"registry.terraform.io/hashicorp/azurerm\"]",
      "instances": [
        {
          "schema_version": 1,
          "attributes": {
            "description": "",
            "friendly_name": "ws-avd-envtest1",
            "id": "/subscriptions/88f5201f-8646-4fc6-ad6c-84a511e43b16/resourceGroups/rg-avd-envtest1/providers/Microsoft.DesktopVirtualization/workspaces/ws-avd-envtest1",
            "location": "eastus2",
            "name": "ws-avd-envtest1",
            "resource_group_name": "rg-avd-envtest1",
            "tags": null,
            "timeouts": null
          },
          "sensitive_attributes": [],
          "private": "eyJlMmJmYjczMC1lY2FhLTExZTYtOGY4OC0zNDM2M2JjN2M0YzAiOnsiY3JlYXRlIjozNjAwMDAwMDAwMDAwLCJkZWxldGUiOjM2MDAwMDAwMDAwMDAsInJlYWQiOjMwMDAwMDAwMDAwMCwidXBkYXRlIjozNjAwMDAwMDAwMDAwfSwic2NoZW1hX3ZlcnNpb24iOiIxIn0=",
          "dependencies": [
            "module.avd_resource_group.azurerm_resource_group.resource_group"
          ]
        }
      ]
    },
    {
      "module": "module.avd_resources",
      "mode": "managed",
      "type": "azurerm_virtual_desktop_workspace_application_group_association",
      "name": "workspaceremoteapp",
      "provider": "provider[\"registry.terraform.io/hashicorp/azurerm\"]",
      "instances": [
        {
          "schema_version": 1,
          "attributes": {
            "application_group_id": "/subscriptions/88f5201f-8646-4fc6-ad6c-84a511e43b16/resourceGroups/rg-avd-envtest1/providers/Microsoft.DesktopVirtualization/applicationGroups/ag-avd-envtest1",
            "id": "/subscriptions/88f5201f-8646-4fc6-ad6c-84a511e43b16/resourceGroups/rg-avd-envtest1/providers/Microsoft.DesktopVirtualization/workspaces/ws-avd-envtest1|/subscriptions/88f5201f-8646-4fc6-ad6c-84a511e43b16/resourceGroups/rg-avd-envtest1/providers/Microsoft.DesktopVirtualization/applicationGroups/ag-avd-envtest1",
            "timeouts": null,
            "workspace_id": "/subscriptions/88f5201f-8646-4fc6-ad6c-84a511e43b16/resourceGroups/rg-avd-envtest1/providers/Microsoft.DesktopVirtualization/workspaces/ws-avd-envtest1"
          },
          "sensitive_attributes": [],
          "private": "eyJlMmJmYjczMC1lY2FhLTExZTYtOGY4OC0zNDM2M2JjN2M0YzAiOnsiY3JlYXRlIjozNjAwMDAwMDAwMDAwLCJkZWxldGUiOjM2MDAwMDAwMDAwMDAsInJlYWQiOjMwMDAwMDAwMDAwMCwidXBkYXRlIjozNjAwMDAwMDAwMDAwfSwic2NoZW1hX3ZlcnNpb24iOiIxIn0=",
          "dependencies": [
            "module.avd_resource_group.azurerm_resource_group.resource_group",
            "module.avd_resources.azurerm_virtual_desktop_application_group.desktop_app_group",
            "module.avd_resources.azurerm_virtual_desktop_host_pool.avd_hp",
            "module.avd_resources.azurerm_virtual_desktop_workspace.workspace"
          ]
        }
      ]
    },
    {
      "module": "module.session_hosts",
      "mode": "data",
      "type": "azurerm_image",
      "name": "custom",
      "provider": "provider[\"registry.terraform.io/hashicorp/azurerm\"]",
      "instances": []
    },
    {
      "module": "module.session_hosts",
      "mode": "managed",
      "type": "azurerm_network_interface",
      "name": "avd_host_nic",
      "provider": "provider[\"registry.terraform.io/hashicorp/azurerm\"]",
      "instances": [
        {
          "index_key": 0,
          "schema_version": 0,
          "attributes": {
            "applied_dns_servers": [],
            "dns_servers": [],
            "edge_zone": "",
            "enable_accelerated_networking": false,
            "enable_ip_forwarding": false,
            "id": "/subscriptions/88f5201f-8646-4fc6-ad6c-84a511e43b16/resourceGroups/rg-avd-envtest1/providers/Microsoft.Network/networkInterfaces/vmavdtest-1-nic",
            "internal_dns_name_label": "",
            "internal_domain_name_suffix": "b3spjavlzs2evh4ogdr4las1ag.cx.internal.cloudapp.net",
            "ip_configuration": [
              {
                "gateway_load_balancer_frontend_ip_configuration_id": "",
                "name": "nic1_config",
                "primary": true,
                "private_ip_address": "10.10.0.5",
                "private_ip_address_allocation": "Dynamic",
                "private_ip_address_version": "IPv4",
                "public_ip_address_id": "",
                "subnet_id": "/subscriptions/88f5201f-8646-4fc6-ad6c-84a511e43b16/resourceGroups/rg-avd-vnet/providers/Microsoft.Network/virtualNetworks/vnet-avd-vnet-avd-parkdevlab-10.10.0.0_24/subnets/sub-avd--10.10.0.0_25"
              }
            ],
            "location": "eastus2",
            "mac_address": "",
            "name": "vmavdtest-1-nic",
            "private_ip_address": "10.10.0.5",
            "private_ip_addresses": [
              "10.10.0.5"
            ],
            "resource_group_name": "rg-avd-envtest1",
            "tags": null,
            "timeouts": null,
            "virtual_machine_id": ""
          },
          "sensitive_attributes": [],
          "private": "eyJlMmJmYjczMC1lY2FhLTExZTYtOGY4OC0zNDM2M2JjN2M0YzAiOnsiY3JlYXRlIjoxODAwMDAwMDAwMDAwLCJkZWxldGUiOjE4MDAwMDAwMDAwMDAsInJlYWQiOjMwMDAwMDAwMDAwMCwidXBkYXRlIjoxODAwMDAwMDAwMDAwfX0=",
          "dependencies": [
            "module.avd_resource_group.azurerm_resource_group.resource_group",
            "module.avd_resources.azurerm_virtual_desktop_application_group.desktop_app_group",
            "module.avd_resources.azurerm_virtual_desktop_host_pool.avd_hp",
            "module.avd_resources.azurerm_virtual_desktop_host_pool_registration_info.reg_token",
            "module.avd_resources.azurerm_virtual_desktop_workspace.workspace",
            "module.avd_resources.azurerm_virtual_desktop_workspace_application_group_association.workspaceremoteapp"
          ]
        },
        {
          "index_key": 1,
          "schema_version": 0,
          "attributes": {
            "applied_dns_servers": [],
            "dns_servers": [],
            "edge_zone": "",
            "enable_accelerated_networking": false,
            "enable_ip_forwarding": false,
            "id": "/subscriptions/88f5201f-8646-4fc6-ad6c-84a511e43b16/resourceGroups/rg-avd-envtest1/providers/Microsoft.Network/networkInterfaces/vmavdtest-2-nic",
            "internal_dns_name_label": "",
            "internal_domain_name_suffix": "b3spjavlzs2evh4ogdr4las1ag.cx.internal.cloudapp.net",
            "ip_configuration": [
              {
                "gateway_load_balancer_frontend_ip_configuration_id": "",
                "name": "nic2_config",
                "primary": true,
                "private_ip_address": "10.10.0.4",
                "private_ip_address_allocation": "Dynamic",
                "private_ip_address_version": "IPv4",
                "public_ip_address_id": "",
                "subnet_id": "/subscriptions/88f5201f-8646-4fc6-ad6c-84a511e43b16/resourceGroups/rg-avd-vnet/providers/Microsoft.Network/virtualNetworks/vnet-avd-vnet-avd-parkdevlab-10.10.0.0_24/subnets/sub-avd--10.10.0.0_25"
              }
            ],
            "location": "eastus2",
            "mac_address": "",
            "name": "vmavdtest-2-nic",
            "private_ip_address": "10.10.0.4",
            "private_ip_addresses": [
              "10.10.0.4"
            ],
            "resource_group_name": "rg-avd-envtest1",
            "tags": null,
            "timeouts": null,
            "virtual_machine_id": ""
          },
          "sensitive_attributes": [],
          "private": "eyJlMmJmYjczMC1lY2FhLTExZTYtOGY4OC0zNDM2M2JjN2M0YzAiOnsiY3JlYXRlIjoxODAwMDAwMDAwMDAwLCJkZWxldGUiOjE4MDAwMDAwMDAwMDAsInJlYWQiOjMwMDAwMDAwMDAwMCwidXBkYXRlIjoxODAwMDAwMDAwMDAwfX0=",
          "dependencies": [
            "module.avd_resource_group.azurerm_resource_group.resource_group",
            "module.avd_resources.azurerm_virtual_desktop_application_group.desktop_app_group",
            "module.avd_resources.azurerm_virtual_desktop_host_pool.avd_hp",
            "module.avd_resources.azurerm_virtual_desktop_host_pool_registration_info.reg_token",
            "module.avd_resources.azurerm_virtual_desktop_workspace.workspace",
            "module.avd_resources.azurerm_virtual_desktop_workspace_application_group_association.workspaceremoteapp"
          ]
        },
        {
          "index_key": 2,
          "schema_version": 0,
          "attributes": {
            "applied_dns_servers": [],
            "dns_servers": [],
            "edge_zone": "",
            "enable_accelerated_networking": false,
            "enable_ip_forwarding": false,
            "id": "/subscriptions/88f5201f-8646-4fc6-ad6c-84a511e43b16/resourceGroups/rg-avd-envtest1/providers/Microsoft.Network/networkInterfaces/vmavdtest-3-nic",
            "internal_dns_name_label": "",
            "internal_domain_name_suffix": "b3spjavlzs2evh4ogdr4las1ag.cx.internal.cloudapp.net",
            "ip_configuration": [
              {
                "gateway_load_balancer_frontend_ip_configuration_id": "",
                "name": "nic3_config",
                "primary": true,
                "private_ip_address": "10.10.0.6",
                "private_ip_address_allocation": "Dynamic",
                "private_ip_address_version": "IPv4",
                "public_ip_address_id": "",
                "subnet_id": "/subscriptions/88f5201f-8646-4fc6-ad6c-84a511e43b16/resourceGroups/rg-avd-vnet/providers/Microsoft.Network/virtualNetworks/vnet-avd-vnet-avd-parkdevlab-10.10.0.0_24/subnets/sub-avd--10.10.0.0_25"
              }
            ],
            "location": "eastus2",
            "mac_address": "",
            "name": "vmavdtest-3-nic",
            "private_ip_address": "10.10.0.6",
            "private_ip_addresses": [
              "10.10.0.6"
            ],
            "resource_group_name": "rg-avd-envtest1",
            "tags": null,
            "timeouts": null,
            "virtual_machine_id": ""
          },
          "sensitive_attributes": [],
          "private": "eyJlMmJmYjczMC1lY2FhLTExZTYtOGY4OC0zNDM2M2JjN2M0YzAiOnsiY3JlYXRlIjoxODAwMDAwMDAwMDAwLCJkZWxldGUiOjE4MDAwMDAwMDAwMDAsInJlYWQiOjMwMDAwMDAwMDAwMCwidXBkYXRlIjoxODAwMDAwMDAwMDAwfX0=",
          "dependencies": [
            "module.avd_resource_group.azurerm_resource_group.resource_group",
            "module.avd_resources.azurerm_virtual_desktop_application_group.desktop_app_group",
            "module.avd_resources.azurerm_virtual_desktop_host_pool.avd_hp",
            "module.avd_resources.azurerm_virtual_desktop_host_pool_registration_info.reg_token",
            "module.avd_resources.azurerm_virtual_desktop_workspace.workspace",
            "module.avd_resources.azurerm_virtual_desktop_workspace_application_group_association.workspaceremoteapp"
          ]
        }
      ]
    },
    {
      "module": "module.session_hosts",
      "mode": "managed",
      "type": "azurerm_virtual_machine",
      "name": "avd_host",
      "provider": "provider[\"registry.terraform.io/hashicorp/azurerm\"]",
      "instances": [
        {
          "index_key": 0,
          "schema_version": 0,
          "attributes": {
            "additional_capabilities": [],
            "availability_set_id": null,
            "boot_diagnostics": [],
            "delete_data_disks_on_termination": false,
            "delete_os_disk_on_termination": true,
            "id": "/subscriptions/88f5201f-8646-4fc6-ad6c-84a511e43b16/resourceGroups/rg-avd-envtest1/providers/Microsoft.Compute/virtualMachines/vmavdtest-1",
            "identity": [],
            "license_type": null,
            "location": "eastus2",
            "name": "vmavdtest-1",
            "network_interface_ids": [
              "/subscriptions/88f5201f-8646-4fc6-ad6c-84a511e43b16/resourceGroups/rg-avd-envtest1/providers/Microsoft.Network/networkInterfaces/vmavdtest-1-nic"
            ],
            "os_profile": [
              {
                "admin_password": "",
                "admin_username": "azureadmin",
                "computer_name": "vmavdtest1",
                "custom_data": ""
              }
            ],
            "os_profile_linux_config": [],
            "os_profile_secrets": [],
            "os_profile_windows_config": [
              {
                "additional_unattend_config": [],
                "enable_automatic_upgrades": false,
                "provision_vm_agent": true,
                "timezone": "",
                "winrm": []
              }
            ],
            "plan": [],
            "primary_network_interface_id": null,
            "proximity_placement_group_id": null,
            "resource_group_name": "rg-avd-envtest1",
            "storage_data_disk": [],
            "storage_image_reference": [
              {
                "id": "",
                "offer": "Windows-10",
                "publisher": "MicrosoftWindowsDesktop",
                "sku": "win10-21h2-avd",
                "version": "latest"
              }
            ],
            "storage_os_disk": [
              {
                "caching": "ReadWrite",
                "create_option": "FromImage",
                "disk_size_gb": 127,
                "image_uri": "",
                "managed_disk_id": "/subscriptions/88f5201f-8646-4fc6-ad6c-84a511e43b16/resourceGroups/rg-avd-envtest1/providers/Microsoft.Compute/disks/vmavdtest-0",
                "managed_disk_type": "Premium_LRS",
                "name": "vmavdtest-0",
                "os_type": "Windows",
                "vhd_uri": "",
                "write_accelerator_enabled": false
              }
            ],
            "tags": null,
            "timeouts": null,
            "vm_size": "Standard_D2s_v3",
            "zones": null
          },
          "sensitive_attributes": [],
          "private": "eyJlMmJmYjczMC1lY2FhLTExZTYtOGY4OC0zNDM2M2JjN2M0YzAiOnsiY3JlYXRlIjozNjAwMDAwMDAwMDAwLCJkZWxldGUiOjM2MDAwMDAwMDAwMDAsInJlYWQiOjMwMDAwMDAwMDAwMCwidXBkYXRlIjozNjAwMDAwMDAwMDAwfX0=",
          "dependencies": [
            "module.avd_resource_group.azurerm_resource_group.resource_group",
            "module.avd_resources.azurerm_virtual_desktop_application_group.desktop_app_group",
            "module.avd_resources.azurerm_virtual_desktop_host_pool.avd_hp",
            "module.avd_resources.azurerm_virtual_desktop_host_pool_registration_info.reg_token",
            "module.avd_resources.azurerm_virtual_desktop_workspace.workspace",
            "module.avd_resources.azurerm_virtual_desktop_workspace_application_group_association.workspaceremoteapp",
            "module.session_hosts.azurerm_network_interface.avd_host_nic",
            "module.session_hosts.data.azurerm_image.custom"
          ]
        },
        {
          "index_key": 1,
          "schema_version": 0,
          "attributes": {
            "additional_capabilities": [],
            "availability_set_id": null,
            "boot_diagnostics": [],
            "delete_data_disks_on_termination": false,
            "delete_os_disk_on_termination": true,
            "id": "/subscriptions/88f5201f-8646-4fc6-ad6c-84a511e43b16/resourceGroups/rg-avd-envtest1/providers/Microsoft.Compute/virtualMachines/vmavdtest-2",
            "identity": [],
            "license_type": null,
            "location": "eastus2",
            "name": "vmavdtest-2",
            "network_interface_ids": [
              "/subscriptions/88f5201f-8646-4fc6-ad6c-84a511e43b16/resourceGroups/rg-avd-envtest1/providers/Microsoft.Network/networkInterfaces/vmavdtest-2-nic"
            ],
            "os_profile": [
              {
                "admin_password": "",
                "admin_username": "azureadmin",
                "computer_name": "vmavdtest2",
                "custom_data": ""
              }
            ],
            "os_profile_linux_config": [],
            "os_profile_secrets": [],
            "os_profile_windows_config": [
              {
                "additional_unattend_config": [],
                "enable_automatic_upgrades": false,
                "provision_vm_agent": true,
                "timezone": "",
                "winrm": []
              }
            ],
            "plan": [],
            "primary_network_interface_id": null,
            "proximity_placement_group_id": null,
            "resource_group_name": "rg-avd-envtest1",
            "storage_data_disk": [],
            "storage_image_reference": [
              {
                "id": "",
                "offer": "Windows-10",
                "publisher": "MicrosoftWindowsDesktop",
                "sku": "win10-21h2-avd",
                "version": "latest"
              }
            ],
            "storage_os_disk": [
              {
                "caching": "ReadWrite",
                "create_option": "FromImage",
                "disk_size_gb": 127,
                "image_uri": "",
                "managed_disk_id": "/subscriptions/88f5201f-8646-4fc6-ad6c-84a511e43b16/resourceGroups/rg-avd-envtest1/providers/Microsoft.Compute/disks/vmavdtest-1",
                "managed_disk_type": "Premium_LRS",
                "name": "vmavdtest-1",
                "os_type": "Windows",
                "vhd_uri": "",
                "write_accelerator_enabled": false
              }
            ],
            "tags": null,
            "timeouts": null,
            "vm_size": "Standard_D2s_v3",
            "zones": null
          },
          "sensitive_attributes": [],
          "private": "eyJlMmJmYjczMC1lY2FhLTExZTYtOGY4OC0zNDM2M2JjN2M0YzAiOnsiY3JlYXRlIjozNjAwMDAwMDAwMDAwLCJkZWxldGUiOjM2MDAwMDAwMDAwMDAsInJlYWQiOjMwMDAwMDAwMDAwMCwidXBkYXRlIjozNjAwMDAwMDAwMDAwfX0=",
          "dependencies": [
            "module.avd_resource_group.azurerm_resource_group.resource_group",
            "module.avd_resources.azurerm_virtual_desktop_application_group.desktop_app_group",
            "module.avd_resources.azurerm_virtual_desktop_host_pool.avd_hp",
            "module.avd_resources.azurerm_virtual_desktop_host_pool_registration_info.reg_token",
            "module.avd_resources.azurerm_virtual_desktop_workspace.workspace",
            "module.avd_resources.azurerm_virtual_desktop_workspace_application_group_association.workspaceremoteapp",
            "module.session_hosts.azurerm_network_interface.avd_host_nic",
            "module.session_hosts.data.azurerm_image.custom"
          ]
        },
        {
          "index_key": 2,
          "schema_version": 0,
          "attributes": {
            "additional_capabilities": [],
            "availability_set_id": null,
            "boot_diagnostics": [],
            "delete_data_disks_on_termination": false,
            "delete_os_disk_on_termination": true,
            "id": "/subscriptions/88f5201f-8646-4fc6-ad6c-84a511e43b16/resourceGroups/rg-avd-envtest1/providers/Microsoft.Compute/virtualMachines/vmavdtest-3",
            "identity": [],
            "license_type": null,
            "location": "eastus2",
            "name": "vmavdtest-3",
            "network_interface_ids": [
              "/subscriptions/88f5201f-8646-4fc6-ad6c-84a511e43b16/resourceGroups/rg-avd-envtest1/providers/Microsoft.Network/networkInterfaces/vmavdtest-3-nic"
            ],
            "os_profile": [
              {
                "admin_password": "",
                "admin_username": "azureadmin",
                "computer_name": "vmavdtest3",
                "custom_data": ""
              }
            ],
            "os_profile_linux_config": [],
            "os_profile_secrets": [],
            "os_profile_windows_config": [
              {
                "additional_unattend_config": [],
                "enable_automatic_upgrades": false,
                "provision_vm_agent": true,
                "timezone": "",
                "winrm": []
              }
            ],
            "plan": [],
            "primary_network_interface_id": null,
            "proximity_placement_group_id": null,
            "resource_group_name": "rg-avd-envtest1",
            "storage_data_disk": [],
            "storage_image_reference": [
              {
                "id": "",
                "offer": "Windows-10",
                "publisher": "MicrosoftWindowsDesktop",
                "sku": "win10-21h2-avd",
                "version": "latest"
              }
            ],
            "storage_os_disk": [
              {
                "caching": "ReadWrite",
                "create_option": "FromImage",
                "disk_size_gb": 127,
                "image_uri": "",
                "managed_disk_id": "/subscriptions/88f5201f-8646-4fc6-ad6c-84a511e43b16/resourceGroups/rg-avd-envtest1/providers/Microsoft.Compute/disks/vmavdtest-2",
                "managed_disk_type": "Premium_LRS",
                "name": "vmavdtest-2",
                "os_type": "Windows",
                "vhd_uri": "",
                "write_accelerator_enabled": false
              }
            ],
            "tags": null,
            "timeouts": null,
            "vm_size": "Standard_D2s_v3",
            "zones": null
          },
          "sensitive_attributes": [],
          "private": "eyJlMmJmYjczMC1lY2FhLTExZTYtOGY4OC0zNDM2M2JjN2M0YzAiOnsiY3JlYXRlIjozNjAwMDAwMDAwMDAwLCJkZWxldGUiOjM2MDAwMDAwMDAwMDAsInJlYWQiOjMwMDAwMDAwMDAwMCwidXBkYXRlIjozNjAwMDAwMDAwMDAwfX0=",
          "dependencies": [
            "module.avd_resource_group.azurerm_resource_group.resource_group",
            "module.avd_resources.azurerm_virtual_desktop_application_group.desktop_app_group",
            "module.avd_resources.azurerm_virtual_desktop_host_pool.avd_hp",
            "module.avd_resources.azurerm_virtual_desktop_host_pool_registration_info.reg_token",
            "module.avd_resources.azurerm_virtual_desktop_workspace.workspace",
            "module.avd_resources.azurerm_virtual_desktop_workspace_application_group_association.workspaceremoteapp",
            "module.session_hosts.azurerm_network_interface.avd_host_nic",
            "module.session_hosts.data.azurerm_image.custom"
          ]
        }
      ]
    },
    {
      "module": "module.session_hosts",
      "mode": "managed",
      "type": "azurerm_virtual_machine_extension",
      "name": "domain_join",
      "provider": "provider[\"registry.terraform.io/hashicorp/azurerm\"]",
      "instances": []
    },
    {
      "module": "module.session_hosts",
      "mode": "managed",
      "type": "azurerm_virtual_machine_extension",
      "name": "register_session_host",
      "provider": "provider[\"registry.terraform.io/hashicorp/azurerm\"]",
      "instances": []
    }
  ]
}
