{
  "version": 4,
  "terraform_version": "1.1.9",
  "serial": 15,
  "lineage": "e0be0fbc-4655-fb04-24d7-81aa47826a92",
  "outputs": {},
  "resources": [
    {
      "module": "module.resource_group",
      "mode": "managed",
      "type": "azurerm_resource_group",
      "name": "resource_group",
      "provider": "provider[\"registry.terraform.io/hashicorp/azurerm\"]",
      "instances": [
        {
          "schema_version": 0,
          "attributes": {
            "id": "/subscriptions/88f5201f-8646-4fc6-ad6c-84a511e43b16/resourceGroups/rg-avd-vnet",
            "location": "eastus2",
            "name": "rg-avd-vnet",
            "tags": {
              "tag1": "example1",
              "tag2": "example2"
            },
            "timeouts": null
          },
          "sensitive_attributes": [],
          "private": "eyJlMmJmYjczMC1lY2FhLTExZTYtOGY4OC0zNDM2M2JjN2M0YzAiOnsiY3JlYXRlIjo1NDAwMDAwMDAwMDAwLCJkZWxldGUiOjU0MDAwMDAwMDAwMDAsInJlYWQiOjMwMDAwMDAwMDAwMCwidXBkYXRlIjo1NDAwMDAwMDAwMDAwfX0="
        }
      ]
    },
    {
      "module": "module.spoke_networking",
      "mode": "managed",
      "type": "azurerm_subnet",
      "name": "spoke",
      "provider": "provider[\"registry.terraform.io/hashicorp/azurerm\"]",
      "instances": [
        {
          "index_key": 0,
          "schema_version": 0,
          "attributes": {
            "address_prefixes": [
              "10.10.0.0/25"
            ],
            "delegation": [],
            "enforce_private_link_endpoint_network_policies": true,
            "enforce_private_link_service_network_policies": false,
            "id": "/subscriptions/88f5201f-8646-4fc6-ad6c-84a511e43b16/resourceGroups/rg-avd-vnet/providers/Microsoft.Network/virtualNetworks/vnet-avd-vnet-avd-parkdevlab-10.10.0.0_24/subnets/sub-avd--10.10.0.0_25",
            "name": "sub-avd--10.10.0.0_25",
            "private_endpoint_network_policies_enabled": false,
            "private_link_service_network_policies_enabled": true,
            "resource_group_name": "rg-avd-vnet",
            "service_endpoint_policy_ids": [],
            "service_endpoints": [],
            "timeouts": null,
            "virtual_network_name": "vnet-avd-vnet-avd-parkdevlab-10.10.0.0_24"
          },
          "sensitive_attributes": [],
          "private": "eyJlMmJmYjczMC1lY2FhLTExZTYtOGY4OC0zNDM2M2JjN2M0YzAiOnsiY3JlYXRlIjoxODAwMDAwMDAwMDAwLCJkZWxldGUiOjE4MDAwMDAwMDAwMDAsInJlYWQiOjMwMDAwMDAwMDAwMCwidXBkYXRlIjoxODAwMDAwMDAwMDAwfX0=",
          "dependencies": [
            "module.resource_group.azurerm_resource_group.resource_group",
            "module.spoke_networking.azurerm_virtual_network.vnet"
          ]
        }
      ]
    },
    {
      "module": "module.spoke_networking",
      "mode": "managed",
      "type": "azurerm_subnet_network_security_group_association",
      "name": "spoke",
      "provider": "provider[\"registry.terraform.io/hashicorp/azurerm\"]",
      "instances": []
    },
    {
      "module": "module.spoke_networking",
      "mode": "managed",
      "type": "azurerm_virtual_network",
      "name": "vnet",
      "provider": "provider[\"registry.terraform.io/hashicorp/azurerm\"]",
      "instances": [
        {
          "schema_version": 0,
          "attributes": {
            "address_space": [
              "10.10.0.0/24"
            ],
            "bgp_community": "",
            "ddos_protection_plan": [],
            "dns_servers": [
              "10.0.0.4"
            ],
            "edge_zone": "",
            "flow_timeout_in_minutes": 0,
            "guid": "82f4640f-ccab-4ab8-9fce-30e3e5825b06",
            "id": "/subscriptions/88f5201f-8646-4fc6-ad6c-84a511e43b16/resourceGroups/rg-avd-vnet/providers/Microsoft.Network/virtualNetworks/vnet-avd-vnet-avd-parkdevlab-10.10.0.0_24",
            "location": "eastus2",
            "name": "vnet-avd-vnet-avd-parkdevlab-10.10.0.0_24",
            "resource_group_name": "rg-avd-vnet",
            "subnet": [
              {
                "address_prefix": "10.10.0.0/25",
                "id": "/subscriptions/88f5201f-8646-4fc6-ad6c-84a511e43b16/resourceGroups/rg-avd-vnet/providers/Microsoft.Network/virtualNetworks/vnet-avd-vnet-avd-parkdevlab-10.10.0.0_24/subnets/sub-avd--10.10.0.0_25",
                "name": "sub-avd--10.10.0.0_25",
                "security_group": ""
              }
            ],
            "tags": {
              "tag1": "example1",
              "tag2": "example2"
            },
            "timeouts": null
          },
          "sensitive_attributes": [],
          "private": "eyJlMmJmYjczMC1lY2FhLTExZTYtOGY4OC0zNDM2M2JjN2M0YzAiOnsiY3JlYXRlIjoxODAwMDAwMDAwMDAwLCJkZWxldGUiOjE4MDAwMDAwMDAwMDAsInJlYWQiOjMwMDAwMDAwMDAwMCwidXBkYXRlIjoxODAwMDAwMDAwMDAwfX0=",
          "dependencies": [
            "module.resource_group.azurerm_resource_group.resource_group"
          ]
        }
      ]
    },
    {
      "module": "module.spoke_networking",
      "mode": "managed",
      "type": "azurerm_virtual_network_peering",
      "name": "hubToSpoke",
      "provider": "provider[\"registry.terraform.io/hashicorp/azurerm\"]",
      "instances": [
        {
          "schema_version": 0,
          "attributes": {
            "allow_forwarded_traffic": true,
            "allow_gateway_transit": false,
            "allow_virtual_network_access": true,
            "id": "/subscriptions/88f5201f-8646-4fc6-ad6c-84a511e43b16/resourceGroups/rg-parkdevlab-identity/providers/Microsoft.Network/virtualNetworks/vnet-identity-VNet/virtualNetworkPeerings/vnet-identity-VNet-to-vnet-avd-vnet-avd-parkdevlab-10.10.0.0_24",
            "name": "vnet-identity-VNet-to-vnet-avd-vnet-avd-parkdevlab-10.10.0.0_24",
            "remote_virtual_network_id": "/subscriptions/88f5201f-8646-4fc6-ad6c-84a511e43b16/resourceGroups/rg-avd-vnet/providers/Microsoft.Network/virtualNetworks/vnet-avd-vnet-avd-parkdevlab-10.10.0.0_24",
            "resource_group_name": "rg-parkdevlab-identity",
            "timeouts": null,
            "use_remote_gateways": false,
            "virtual_network_name": "vnet-identity-VNet"
          },
          "sensitive_attributes": [],
          "private": "eyJlMmJmYjczMC1lY2FhLTExZTYtOGY4OC0zNDM2M2JjN2M0YzAiOnsiY3JlYXRlIjoxODAwMDAwMDAwMDAwLCJkZWxldGUiOjE4MDAwMDAwMDAwMDAsInJlYWQiOjMwMDAwMDAwMDAwMCwidXBkYXRlIjoxODAwMDAwMDAwMDAwfX0=",
          "dependencies": [
            "module.spoke_networking.azurerm_virtual_network.vnet"
          ]
        }
      ]
    },
    {
      "module": "module.spoke_networking",
      "mode": "managed",
      "type": "azurerm_virtual_network_peering",
      "name": "spokeToHub",
      "provider": "provider[\"registry.terraform.io/hashicorp/azurerm\"]",
      "instances": [
        {
          "schema_version": 0,
          "attributes": {
            "allow_forwarded_traffic": true,
            "allow_gateway_transit": false,
            "allow_virtual_network_access": true,
            "id": "/subscriptions/88f5201f-8646-4fc6-ad6c-84a511e43b16/resourceGroups/rg-avd-vnet/providers/Microsoft.Network/virtualNetworks/vnet-avd-vnet-avd-parkdevlab-10.10.0.0_24/virtualNetworkPeerings/vnet-avd-vnet-avd-parkdevlab-10.10.0.0_24-to-vnet-identity-VNet",
            "name": "vnet-avd-vnet-avd-parkdevlab-10.10.0.0_24-to-vnet-identity-VNet",
            "remote_virtual_network_id": "/subscriptions/88f5201f-8646-4fc6-ad6c-84a511e43b16/resourceGroups/rg-parkdevlab-identity/providers/Microsoft.Network/virtualNetworks/vnet-identity-VNet",
            "resource_group_name": "rg-avd-vnet",
            "timeouts": null,
            "use_remote_gateways": false,
            "virtual_network_name": "vnet-avd-vnet-avd-parkdevlab-10.10.0.0_24"
          },
          "sensitive_attributes": [],
          "private": "eyJlMmJmYjczMC1lY2FhLTExZTYtOGY4OC0zNDM2M2JjN2M0YzAiOnsiY3JlYXRlIjoxODAwMDAwMDAwMDAwLCJkZWxldGUiOjE4MDAwMDAwMDAwMDAsInJlYWQiOjMwMDAwMDAwMDAwMCwidXBkYXRlIjoxODAwMDAwMDAwMDAwfX0=",
          "dependencies": [
            "module.resource_group.azurerm_resource_group.resource_group",
            "module.spoke_networking.azurerm_virtual_network.vnet"
          ]
        }
      ]
    }
  ]
}
